
Microsoft Visual Studio Solution File, Format Version 9.00
# Visual C++ Express 2005
Project("{8BC9CEB8-8B4A-11D0-8D11-00A0C91BC942}") = "curllib", "curllib.vcproj", "{4B8E2E4F-AB30-4B74-BAE3-FB7DA0DAF378}"
EndProject
Global
	GlobalSection(SolutionConfigurationPlatforms) = preSolution
		Debug|Win32 = Debug|Win32
		Release|Win32 = Release|Win32
	EndGlobalSection
	GlobalSection(ProjectConfigurationPlatforms) = postSolution
		{4B8E2E4F-AB30-4B74-BAE3-FB7DA0DAF378}.Debug|Win32.ActiveCfg = Debug|Win32
		{4B8E2E4F-AB30-4B74-BAE3-FB7DA0DAF378}.Debug|Win32.Build.0 = Debug|Win32
		{4B8E2E4F-AB30-4B74-BAE3-FB7DA0DAF378}.Release|Win32.ActiveCfg = Release|Win32
		{4B8E2E4F-AB30-4B74-BAE3-FB7DA0DAF378}.Release|Win32.Build.0 = Release|Win32
	EndGlobalSection
	GlobalSection(SolutionProperties) = preSolution
		HideSolutionNode = FALSE
	EndGlobalSection
EndGlobal
