
Microsoft Visual Studio Solution File, Format Version 9.00
# Visual Studio 2005
Project("{FAE04EC0-301F-11D3-BF4B-00C04F79EFBC}") = "st-font", "st-font\st-font.csproj", "{E1E200EA-9814-448F-966A-0573B0843EAE}"
EndProject
Global
	GlobalSection(SolutionConfigurationPlatforms) = preSolution
		Debug|Any CPU = Debug|Any CPU
		Release|Any CPU = Release|Any CPU
	EndGlobalSection
	GlobalSection(ProjectConfigurationPlatforms) = postSolution
		{E1E200EA-9814-448F-966A-0573B0843EAE}.Debug|Any CPU.ActiveCfg = Debug|Any CPU
		{E1E200EA-9814-448F-966A-0573B0843EAE}.Debug|Any CPU.Build.0 = Debug|Any CPU
		{E1E200EA-9814-448F-966A-0573B0843EAE}.Release|Any CPU.ActiveCfg = Release|Any CPU
		{E1E200EA-9814-448F-966A-0573B0843EAE}.Release|Any CPU.Build.0 = Release|Any CPU
	EndGlobalSection
	GlobalSection(SolutionProperties) = preSolution
		HideSolutionNode = FALSE
	EndGlobalSection
EndGlobal
